
Microsoft Visual Studio Solution File, Format Version 12.00
# Visual Studio 15
VisualStudioVersion = 15.0.27703.2026
MinimumVisualStudioVersion = 10.0.40219.1
Project("{8BC9CEB8-8B4A-11D0-8D11-00A0C91BC942}") = "Linear_Table_By_Class", "Linear_Table_By_Class\Linear_Table_By_Class.vcxproj", "{145D1440-C2DC-4598-BA55-C8867669F811}"
EndProject
Global
	GlobalSection(SolutionConfigurationPlatforms) = preSolution
		Debug|x64 = Debug|x64
		Debug|x86 = Debug|x86
		Release|x64 = Release|x64
		Release|x86 = Release|x86
	EndGlobalSection
	GlobalSection(ProjectConfigurationPlatforms) = postSolution
		{145D1440-C2DC-4598-BA55-C8867669F811}.Debug|x64.ActiveCfg = Debug|x64
		{145D1440-C2DC-4598-BA55-C8867669F811}.Debug|x64.Build.0 = Debug|x64
		{145D1440-C2DC-4598-BA55-C8867669F811}.Debug|x86.ActiveCfg = Debug|Win32
		{145D1440-C2DC-4598-BA55-C8867669F811}.Debug|x86.Build.0 = Debug|Win32
		{145D1440-C2DC-4598-BA55-C8867669F811}.Release|x64.ActiveCfg = Release|x64
		{145D1440-C2DC-4598-BA55-C8867669F811}.Release|x64.Build.0 = Release|x64
		{145D1440-C2DC-4598-BA55-C8867669F811}.Release|x86.ActiveCfg = Release|Win32
		{145D1440-C2DC-4598-BA55-C8867669F811}.Release|x86.Build.0 = Release|Win32
	EndGlobalSection
	GlobalSection(SolutionProperties) = preSolution
		HideSolutionNode = FALSE
	EndGlobalSection
	GlobalSection(ExtensibilityGlobals) = postSolution
		SolutionGuid = {31AC27D7-7DF3-408A-9A24-97A6448AB944}
	EndGlobalSection
EndGlobal
